
Microsoft Visual Studio Solution File, Format Version 12.00
# Visual Studio Version 16
VisualStudioVersion = 16.0.29519.87
MinimumVisualStudioVersion = 10.0.40219.1
Project("{9A19103F-16F7-4668-BE54-9A1E7A4F7556}") = "Deliverable_8", "Deliverable_8.csproj", "{3928AF95-D1D9-4C37-9223-669B322694AA}"
EndProject
Global
	GlobalSection(SolutionConfigurationPlatforms) = preSolution
		Debug|Any CPU = Debug|Any CPU
		Release|Any CPU = Release|Any CPU
	EndGlobalSection
	GlobalSection(ProjectConfigurationPlatforms) = postSolution
		{3928AF95-D1D9-4C37-9223-669B322694AA}.Debug|Any CPU.ActiveCfg = Debug|Any CPU
		{3928AF95-D1D9-4C37-9223-669B322694AA}.Debug|Any CPU.Build.0 = Debug|Any CPU
		{3928AF95-D1D9-4C37-9223-669B322694AA}.Release|Any CPU.ActiveCfg = Release|Any CPU
		{3928AF95-D1D9-4C37-9223-669B322694AA}.Release|Any CPU.Build.0 = Release|Any CPU
	EndGlobalSection
	GlobalSection(SolutionProperties) = preSolution
		HideSolutionNode = FALSE
	EndGlobalSection
	GlobalSection(ExtensibilityGlobals) = postSolution
		SolutionGuid = {E2FB736D-4A25-4FD5-8D7E-6FF3A7476CA8}
	EndGlobalSection
EndGlobal
